
Microsoft Visual Studio Solution File, Format Version 12.00
# Visual Studio Version 17
VisualStudioVersion = 17.7.34031.279
MinimumVisualStudioVersion = 10.0.40219.1
Project("{FAE04EC0-301F-11D3-BF4B-00C04F79EFBC}") = "PowerPlanApi", "PowerPlanApi\PowerPlanApi.csproj", "{079AB340-C5A2-45E2-9B1F-1651C03188DD}"
EndProject
Global
	GlobalSection(SolutionConfigurationPlatforms) = preSolution
		Debug|Any CPU = Debug|Any CPU
		Release|Any CPU = Release|Any CPU
	EndGlobalSection
	GlobalSection(ProjectConfigurationPlatforms) = postSolution
		{079AB340-C5A2-45E2-9B1F-1651C03188DD}.Debug|Any CPU.ActiveCfg = Debug|Any CPU
		{079AB340-C5A2-45E2-9B1F-1651C03188DD}.Debug|Any CPU.Build.0 = Debug|Any CPU
		{079AB340-C5A2-45E2-9B1F-1651C03188DD}.Release|Any CPU.ActiveCfg = Release|Any CPU
		{079AB340-C5A2-45E2-9B1F-1651C03188DD}.Release|Any CPU.Build.0 = Release|Any CPU
	EndGlobalSection
	GlobalSection(SolutionProperties) = preSolution
		HideSolutionNode = FALSE
	EndGlobalSection
	GlobalSection(ExtensibilityGlobals) = postSolution
		SolutionGuid = {6AD696F7-E992-4E0A-A0B1-C192AF98F5CA}
	EndGlobalSection
EndGlobal
